
Microsoft Visual Studio Solution File, Format Version 12.00
# Visual Studio 15
VisualStudioVersion = 15.0.28307.1401
MinimumVisualStudioVersion = 10.0.40219.1
Project("{8BC9CEB8-8B4A-11D0-8D11-00A0C91BC942}") = "testThinPlateSpline", "testThinPlateSpline\testThinPlateSpline.vcxproj", "{94924DA3-3B91-4909-B1F1-275363BFBA25}"
EndProject
Project("{8BC9CEB8-8B4A-11D0-8D11-00A0C91BC942}") = "testOthers", "testOthers\testOthers.vcxproj", "{97F29443-6C6B-4E3C-A187-CE56C56BFC7D}"
EndProject
Project("{8BC9CEB8-8B4A-11D0-8D11-00A0C91BC942}") = "testWaprImage", "testWaprImage\testWaprImage.vcxproj", "{04A37C19-7DC9-4F33-9C71-280F3F215E30}"
EndProject
Global
	GlobalSection(SolutionConfigurationPlatforms) = preSolution
		Debug|x64 = Debug|x64
		Release|x64 = Release|x64
	EndGlobalSection
	GlobalSection(ProjectConfigurationPlatforms) = postSolution
		{94924DA3-3B91-4909-B1F1-275363BFBA25}.Debug|x64.ActiveCfg = Debug|x64
		{94924DA3-3B91-4909-B1F1-275363BFBA25}.Debug|x64.Build.0 = Debug|x64
		{94924DA3-3B91-4909-B1F1-275363BFBA25}.Release|x64.ActiveCfg = Release|x64
		{94924DA3-3B91-4909-B1F1-275363BFBA25}.Release|x64.Build.0 = Release|x64
		{97F29443-6C6B-4E3C-A187-CE56C56BFC7D}.Debug|x64.ActiveCfg = Debug|x64
		{97F29443-6C6B-4E3C-A187-CE56C56BFC7D}.Debug|x64.Build.0 = Debug|x64
		{97F29443-6C6B-4E3C-A187-CE56C56BFC7D}.Release|x64.ActiveCfg = Release|x64
		{97F29443-6C6B-4E3C-A187-CE56C56BFC7D}.Release|x64.Build.0 = Release|x64
		{04A37C19-7DC9-4F33-9C71-280F3F215E30}.Debug|x64.ActiveCfg = Debug|x64
		{04A37C19-7DC9-4F33-9C71-280F3F215E30}.Debug|x64.Build.0 = Debug|x64
		{04A37C19-7DC9-4F33-9C71-280F3F215E30}.Release|x64.ActiveCfg = Release|x64
		{04A37C19-7DC9-4F33-9C71-280F3F215E30}.Release|x64.Build.0 = Release|x64
	EndGlobalSection
	GlobalSection(SolutionProperties) = preSolution
		HideSolutionNode = FALSE
	EndGlobalSection
	GlobalSection(ExtensibilityGlobals) = postSolution
		SolutionGuid = {8AC8FAA2-622F-40A0-A004-270A60ED152D}
	EndGlobalSection
EndGlobal
